
Microsoft Visual Studio Solution File, Format Version 12.00
# Visual Studio Version 17
VisualStudioVersion = 17.0.32112.339
MinimumVisualStudioVersion = 10.0.40219.1
Project("{FAE04EC0-301F-11D3-BF4B-00C04F79EFBC}") = "OsnInfB_PZ2", "OsnInfB_PZ2.csproj", "{3123A70F-AFD7-413D-BF16-B06478F542A1}"
EndProject
Global
	GlobalSection(SolutionConfigurationPlatforms) = preSolution
		Debug|Any CPU = Debug|Any CPU
		Release|Any CPU = Release|Any CPU
	EndGlobalSection
	GlobalSection(ProjectConfigurationPlatforms) = postSolution
		{3123A70F-AFD7-413D-BF16-B06478F542A1}.Debug|Any CPU.ActiveCfg = Debug|Any CPU
		{3123A70F-AFD7-413D-BF16-B06478F542A1}.Debug|Any CPU.Build.0 = Debug|Any CPU
		{3123A70F-AFD7-413D-BF16-B06478F542A1}.Release|Any CPU.ActiveCfg = Release|Any CPU
		{3123A70F-AFD7-413D-BF16-B06478F542A1}.Release|Any CPU.Build.0 = Release|Any CPU
	EndGlobalSection
	GlobalSection(SolutionProperties) = preSolution
		HideSolutionNode = FALSE
	EndGlobalSection
	GlobalSection(ExtensibilityGlobals) = postSolution
		SolutionGuid = {7BD62327-BF27-45B3-8035-ADF3C6CC6F92}
	EndGlobalSection
EndGlobal
